PODS:
  - Alamofire (5.10.2)
  - SDWebImage (5.21.3):
    - SDWebImage/Core (= 5.21.3)
  - SDWebImage/Core (5.21.3)
  - Wormholy (1.7.0)
  - youtube-ios-player-helper (1.0.4)

DEPENDENCIES:
  - Alamofire
  - SDWebImage
  - Wormholy
  - youtube-ios-player-helper

SPEC REPOS:
  trunk:
    - Alamofire
    - SDWebImage
    - Wormholy
    - youtube-ios-player-helper

SPEC CHECKSUMS:
  Alamofire: 7193b3b92c74a07f85569e1a6c4f4237291e7496
  SDWebImage: 16309af6d214ba3f77a7c6f6fdda888cb313a50a
  Wormholy: ab1c8c2f02f58587a0941deb0088555ffbf039a1
  youtube-ios-player-helper: e9b97535e816db3152179d84d999bc1807ecd689

PODFILE CHECKSUM: df454554ec4ebcb01ed56d9ae1f29f870fef7d9a

COCOAPODS: 1.16.2
