// !$*UTF8*$!
{
	archiveVersion = 1;
	classes = {
	};
	objectVersion = 77;
	objects = {

/* Begin PBXBuildFile section */
		667FA9E82EBF800B009AB664 /* AppDelegate.swift in Sources */ = {isa = PBXBuildFile; fileRef = 667FA9DE2EBF800B009AB664 /* AppDelegate.swift */; };
		667FA9E92EBF800B009AB664 /* SceneDelegate.swift in Sources */ = {isa = PBXBuildFile; fileRef = 667FA9E52EBF800B009AB664 /* SceneDelegate.swift */; };
		667FA9EA2EBF800B009AB664 /* MainViewController.swift in Sources */ = {isa = PBXBuildFile; fileRef = 667FA9E62EBF800B009AB664 /* MainViewController.swift */; };
		667FA9EB2EBF800B009AB664 /* Assets.xcassets in Resources */ = {isa = PBXBuildFile; fileRef = 667FA9DF2EBF800B009AB664 /* Assets.xcassets */; };
		667FA9ED2EBF800B009AB664 /* LaunchScreen.storyboard in Resources */ = {isa = PBXBuildFile; fileRef = 667FA9E22EBF800B009AB664 /* LaunchScreen.storyboard */; };
		667FA9EE2EBF800B009AB664 /* Main.storyboard in Resources */ = {isa = PBXBuildFile; fileRef = 667FA9E42EBF800B009AB664 /* Main.storyboard */; };
		667FA9FF2EBF8556009AB664 /* SliderCollectionViewCell.xib in Resources */ = {isa = PBXBuildFile; fileRef = 667FA9FE2EBF8556009AB664 /* SliderCollectionViewCell.xib */; };
		667FAA002EBF8556009AB664 /* SliderCollectionViewCell.swift in Sources */ = {isa = PBXBuildFile; fileRef = 667FA9FD2EBF8556009AB664 /* SliderCollectionViewCell.swift */; };
		667FAA032EBF8658009AB664 /* MovieCollectionViewCell.xib in Resources */ = {isa = PBXBuildFile; fileRef = 667FAA022EBF8658009AB664 /* MovieCollectionViewCell.xib */; };
		667FAA042EBF8658009AB664 /* MovieCollectionViewCell.swift in Sources */ = {isa = PBXBuildFile; fileRef = 667FAA012EBF8658009AB664 /* MovieCollectionViewCell.swift */; };
		667FAA062EBF8725009AB664 /* RatingControl.swift in Sources */ = {isa = PBXBuildFile; fileRef = 667FAA052EBF8725009AB664 /* RatingControl.swift */; };
		667FAA092EBF897A009AB664 /* GenreCollectionViewCell.xib in Resources */ = {isa = PBXBuildFile; fileRef = 667FAA082EBF897A009AB664 /* GenreCollectionViewCell.xib */; };
		667FAA0A2EBF897A009AB664 /* GenreCollectionViewCell.swift in Sources */ = {isa = PBXBuildFile; fileRef = 667FAA072EBF897A009AB664 /* GenreCollectionViewCell.swift */; };
		667FAA0D2EBF8B39009AB664 /* ShowcaseCollectionViewCell.xib in Resources */ = {isa = PBXBuildFile; fileRef = 667FAA0C2EBF8B39009AB664 /* ShowcaseCollectionViewCell.xib */; };
		667FAA0E2EBF8B39009AB664 /* ShowcaseCollectionViewCell.swift in Sources */ = {isa = PBXBuildFile; fileRef = 667FAA0B2EBF8B39009AB664 /* ShowcaseCollectionViewCell.swift */; };
		667FAA112EBF8E1E009AB664 /* ActorCollectionViewCell.xib in Resources */ = {isa = PBXBuildFile; fileRef = 667FAA102EBF8E1E009AB664 /* ActorCollectionViewCell.xib */; };
		667FAA122EBF8E1E009AB664 /* ActorCollectionViewCell.swift in Sources */ = {isa = PBXBuildFile; fileRef = 667FAA0F2EBF8E1E009AB664 /* ActorCollectionViewCell.swift */; };
		667FAA152EBF9497009AB664 /* SliderTableViewCell.xib in Resources */ = {isa = PBXBuildFile; fileRef = 667FAA142EBF9497009AB664 /* SliderTableViewCell.xib */; };
		667FAA162EBF9497009AB664 /* SliderTableViewCell.swift in Sources */ = {isa = PBXBuildFile; fileRef = 667FAA132EBF9497009AB664 /* SliderTableViewCell.swift */; };
		667FAA192EBF9694009AB664 /* PopularTableViewCell.xib in Resources */ = {isa = PBXBuildFile; fileRef = 667FAA182EBF9694009AB664 /* PopularTableViewCell.xib */; };
		667FAA1A2EBF9694009AB664 /* PopularTableViewCell.swift in Sources */ = {isa = PBXBuildFile; fileRef = 667FAA172EBF9694009AB664 /* PopularTableViewCell.swift */; };
		667FAA1D2EBF980D009AB664 /* ShowtimeTableViewCell.xib in Resources */ = {isa = PBXBuildFile; fileRef = 667FAA1C2EBF980D009AB664 /* ShowtimeTableViewCell.xib */; };
		667FAA1E2EBF980D009AB664 /* ShowtimeTableViewCell.swift in Sources */ = {isa = PBXBuildFile; fileRef = 667FAA1B2EBF980D009AB664 /* ShowtimeTableViewCell.swift */; };
		667FAA212EBF9A6C009AB664 /* MovieWithGenreTableViewCell.xib in Resources */ = {isa = PBXBuildFile; fileRef = 667FAA202EBF9A6C009AB664 /* MovieWithGenreTableViewCell.xib */; };
		667FAA222EBF9A6C009AB664 /* MovieWithGenreTableViewCell.swift in Sources */ = {isa = PBXBuildFile; fileRef = 667FAA1F2EBF9A6C009AB664 /* MovieWithGenreTableViewCell.swift */; };
		667FAA252EBF9BE0009AB664 /* ShowcaseTableViewCell.xib in Resources */ = {isa = PBXBuildFile; fileRef = 667FAA242EBF9BE0009AB664 /* ShowcaseTableViewCell.xib */; };
		667FAA262EBF9BE0009AB664 /* ShowcaseTableViewCell.swift in Sources */ = {isa = PBXBuildFile; fileRef = 667FAA232EBF9BE0009AB664 /* ShowcaseTableViewCell.swift */; };
		667FAA292EBF9DDC009AB664 /* ActorTableViewCell.xib in Resources */ = {isa = PBXBuildFile; fileRef = 667FAA282EBF9DDC009AB664 /* ActorTableViewCell.xib */; };
		667FAA2A2EBF9DDC009AB664 /* ActorTableViewCell.swift in Sources */ = {isa = PBXBuildFile; fileRef = 667FAA272EBF9DDC009AB664 /* ActorTableViewCell.swift */; };
		667FAA2D2EBFA112009AB664 /* UICollectionView+Ext.swift in Sources */ = {isa = PBXBuildFile; fileRef = 667FAA2C2EBFA112009AB664 /* UICollectionView+Ext.swift */; };
		667FAA2F2EBFA184009AB664 /* UILabel+Ext.swift in Sources */ = {isa = PBXBuildFile; fileRef = 667FAA2E2EBFA184009AB664 /* UILabel+Ext.swift */; };
		667FAA312EBFC0FD009AB664 /* MovieDetailViewController.swift in Sources */ = {isa = PBXBuildFile; fileRef = 667FAA302EBFC0FD009AB664 /* MovieDetailViewController.swift */; };
		667FAA342EBFD58D009AB664 /* BadgeCollectionViewCell.xib in Resources */ = {isa = PBXBuildFile; fileRef = 667FAA332EBFD58D009AB664 /* BadgeCollectionViewCell.xib */; };
		667FAA352EBFD58D009AB664 /* BadgeCollectionViewCell.swift in Sources */ = {isa = PBXBuildFile; fileRef = 667FAA322EBFD58D009AB664 /* BadgeCollectionViewCell.swift */; };
		667FAA382EBFD634009AB664 /* CompanyCollectionViewCell.xib in Resources */ = {isa = PBXBuildFile; fileRef = 667FAA372EBFD634009AB664 /* CompanyCollectionViewCell.xib */; };
		667FAA392EBFD634009AB664 /* CompanyCollectionViewCell.swift in Sources */ = {isa = PBXBuildFile; fileRef = 667FAA362EBFD634009AB664 /* CompanyCollectionViewCell.swift */; };
		CEF63AB374BD5C2C2F7F6E6E /* Pods_TheMovie.framework in Frameworks */ = {isa = PBXBuildFile; fileRef = 2BBCEA6A89FB43D3EF0728C8 /* Pods_TheMovie.framework */; };
/* End PBXBuildFile section */

/* Begin PBXFileReference section */
		1179A462E8BF117DC03F786E /* Pods-TheMovie.debug.xcconfig */ = {isa = PBXFileReference; includeInIndex = 1; lastKnownFileType = text.xcconfig; name = "Pods-TheMovie.debug.xcconfig"; path = "Target Support Files/Pods-TheMovie/Pods-TheMovie.debug.xcconfig"; sourceTree = "<group>"; };
		2BBCEA6A89FB43D3EF0728C8 /* Pods_TheMovie.framework */ = {isa = PBXFileReference; explicitFileType = wrapper.framework; includeInIndex = 0; path = Pods_TheMovie.framework; sourceTree = BUILT_PRODUCTS_DIR; };
		4F98D495AF252591BD501DD1 /* Pods-TheMovie.release.xcconfig */ = {isa = PBXFileReference; includeInIndex = 1; lastKnownFileType = text.xcconfig; name = "Pods-TheMovie.release.xcconfig"; path = "Target Support Files/Pods-TheMovie/Pods-TheMovie.release.xcconfig"; sourceTree = "<group>"; };
		667FA9C62EBF7FD5009AB664 /* TheMovie.app */ = {isa = PBXFileReference; explicitFileType = wrapper.application; includeInIndex = 0; path = TheMovie.app; sourceTree = BUILT_PRODUCTS_DIR; };
		667FA9DE2EBF800B009AB664 /* AppDelegate.swift */ = {isa = PBXFileReference; lastKnownFileType = sourcecode.swift; path = AppDelegate.swift; sourceTree = "<group>"; };
		667FA9DF2EBF800B009AB664 /* Assets.xcassets */ = {isa = PBXFileReference; lastKnownFileType = folder.assetcatalog; path = Assets.xcassets; sourceTree = "<group>"; };
		667FA9E02EBF800B009AB664 /* Info.plist */ = {isa = PBXFileReference; lastKnownFileType = text.plist.xml; path = Info.plist; sourceTree = "<group>"; };
		667FA9E12EBF800B009AB664 /* Base */ = {isa = PBXFileReference; lastKnownFileType = file.storyboard; name = Base; path = Base.lproj/LaunchScreen.storyboard; sourceTree = "<group>"; };
		667FA9E32EBF800B009AB664 /* Base */ = {isa = PBXFileReference; lastKnownFileType = file.storyboard; name = Base; path = Base.lproj/Main.storyboard; sourceTree = "<group>"; };
		667FA9E52EBF800B009AB664 /* SceneDelegate.swift */ = {isa = PBXFileReference; lastKnownFileType = sourcecode.swift; path = SceneDelegate.swift; sourceTree = "<group>"; };
		667FA9E62EBF800B009AB664 /* MainViewController.swift */ = {isa = PBXFileReference; lastKnownFileType = sourcecode.swift; path = MainViewController.swift; sourceTree = "<group>"; };
		667FA9FC2EBF80B9009AB664 /* TheMovieApp_mock.png */ = {isa = PBXFileReference; lastKnownFileType = image.png; path = TheMovieApp_mock.png; sourceTree = "<group>"; };
		667FA9FD2EBF8556009AB664 /* SliderCollectionViewCell.swift */ = {isa = PBXFileReference; lastKnownFileType = sourcecode.swift; path = SliderCollectionViewCell.swift; sourceTree = "<group>"; };
		667FA9FE2EBF8556009AB664 /* SliderCollectionViewCell.xib */ = {isa = PBXFileReference; lastKnownFileType = file.xib; path = SliderCollectionViewCell.xib; sourceTree = "<group>"; };
		667FAA012EBF8658009AB664 /* MovieCollectionViewCell.swift */ = {isa = PBXFileReference; lastKnownFileType = sourcecode.swift; path = MovieCollectionViewCell.swift; sourceTree = "<group>"; };
		667FAA022EBF8658009AB664 /* MovieCollectionViewCell.xib */ = {isa = PBXFileReference; lastKnownFileType = file.xib; path = MovieCollectionViewCell.xib; sourceTree = "<group>"; };
		667FAA052EBF8725009AB664 /* RatingControl.swift */ = {isa = PBXFileReference; lastKnownFileType = sourcecode.swift; path = RatingControl.swift; sourceTree = "<group>"; };
		667FAA072EBF897A009AB664 /* GenreCollectionViewCell.swift */ = {isa = PBXFileReference; lastKnownFileType = sourcecode.swift; path = GenreCollectionViewCell.swift; sourceTree = "<group>"; };
		667FAA082EBF897A009AB664 /* GenreCollectionViewCell.xib */ = {isa = PBXFileReference; lastKnownFileType = file.xib; path = GenreCollectionViewCell.xib; sourceTree = "<group>"; };
		667FAA0B2EBF8B39009AB664 /* ShowcaseCollectionViewCell.swift */ = {isa = PBXFileReference; lastKnownFileType = sourcecode.swift; path = ShowcaseCollectionViewCell.swift; sourceTree = "<group>"; };
		667FAA0C2EBF8B39009AB664 /* ShowcaseCollectionViewCell.xib */ = {isa = PBXFileReference; lastKnownFileType = file.xib; path = ShowcaseCollectionViewCell.xib; sourceTree = "<group>"; };
		667FAA0F2EBF8E1E009AB664 /* ActorCollectionViewCell.swift */ = {isa = PBXFileReference; lastKnownFileType = sourcecode.swift; path = ActorCollectionViewCell.swift; sourceTree = "<group>"; };
		667FAA102EBF8E1E009AB664 /* ActorCollectionViewCell.xib */ = {isa = PBXFileReference; lastKnownFileType = file.xib; path = ActorCollectionViewCell.xib; sourceTree = "<group>"; };
		667FAA132EBF9497009AB664 /* SliderTableViewCell.swift */ = {isa = PBXFileReference; lastKnownFileType = sourcecode.swift; path = SliderTableViewCell.swift; sourceTree = "<group>"; };
		667FAA142EBF9497009AB664 /* SliderTableViewCell.xib */ = {isa = PBXFileReference; lastKnownFileType = file.xib; path = SliderTableViewCell.xib; sourceTree = "<group>"; };
		667FAA172EBF9694009AB664 /* PopularTableViewCell.swift */ = {isa = PBXFileReference; lastKnownFileType = sourcecode.swift; path = PopularTableViewCell.swift; sourceTree = "<group>"; };
		667FAA182EBF9694009AB664 /* PopularTableViewCell.xib */ = {isa = PBXFileReference; lastKnownFileType = file.xib; path = PopularTableViewCell.xib; sourceTree = "<group>"; };
		667FAA1B2EBF980D009AB664 /* ShowtimeTableViewCell.swift */ = {isa = PBXFileReference; lastKnownFileType = sourcecode.swift; path = ShowtimeTableViewCell.swift; sourceTree = "<group>"; };
		667FAA1C2EBF980D009AB664 /* ShowtimeTableViewCell.xib */ = {isa = PBXFileReference; lastKnownFileType = file.xib; path = ShowtimeTableViewCell.xib; sourceTree = "<group>"; };
		667FAA1F2EBF9A6C009AB664 /* MovieWithGenreTableViewCell.swift */ = {isa = PBXFileReference; lastKnownFileType = sourcecode.swift; path = MovieWithGenreTableViewCell.swift; sourceTree = "<group>"; };
		667FAA202EBF9A6C009AB664 /* MovieWithGenreTableViewCell.xib */ = {isa = PBXFileReference; lastKnownFileType = file.xib; path = MovieWithGenreTableViewCell.xib; sourceTree = "<group>"; };
		667FAA232EBF9BE0009AB664 /* ShowcaseTableViewCell.swift */ = {isa = PBXFileReference; lastKnownFileType = sourcecode.swift; path = ShowcaseTableViewCell.swift; sourceTree = "<group>"; };
		667FAA242EBF9BE0009AB664 /* ShowcaseTableViewCell.xib */ = {isa = PBXFileReference; lastKnownFileType = file.xib; path = ShowcaseTableViewCell.xib; sourceTree = "<group>"; };
		667FAA272EBF9DDC009AB664 /* ActorTableViewCell.swift */ = {isa = PBXFileReference; lastKnownFileType = sourcecode.swift; path = ActorTableViewCell.swift; sourceTree = "<group>"; };
		667FAA282EBF9DDC009AB664 /* ActorTableViewCell.xib */ = {isa = PBXFileReference; lastKnownFileType = file.xib; path = ActorTableViewCell.xib; sourceTree = "<group>"; };
		667FAA2C2EBFA112009AB664 /* UICollectionView+Ext.swift */ = {isa = PBXFileReference; lastKnownFileType = sourcecode.swift; path = "UICollectionView+Ext.swift"; sourceTree = "<group>"; };
		667FAA2E2EBFA184009AB664 /* UILabel+Ext.swift */ = {isa = PBXFileReference; lastKnownFileType = sourcecode.swift; path = "UILabel+Ext.swift"; sourceTree = "<group>"; };
		667FAA302EBFC0FD009AB664 /* MovieDetailViewController.swift */ = {isa = PBXFileReference; lastKnownFileType = sourcecode.swift; path = MovieDetailViewController.swift; sourceTree = "<group>"; };
		667FAA322EBFD58D009AB664 /* BadgeCollectionViewCell.swift */ = {isa = PBXFileReference; lastKnownFileType = sourcecode.swift; path = BadgeCollectionViewCell.swift; sourceTree = "<group>"; };
		667FAA332EBFD58D009AB664 /* BadgeCollectionViewCell.xib */ = {isa = PBXFileReference; lastKnownFileType = file.xib; path = BadgeCollectionViewCell.xib; sourceTree = "<group>"; };
		667FAA362EBFD634009AB664 /* CompanyCollectionViewCell.swift */ = {isa = PBXFileReference; lastKnownFileType = sourcecode.swift; path = CompanyCollectionViewCell.swift; sourceTree = "<group>"; };
		667FAA372EBFD634009AB664 /* CompanyCollectionViewCell.xib */ = {isa = PBXFileReference; lastKnownFileType = file.xib; path = CompanyCollectionViewCell.xib; sourceTree = "<group>"; };
/* End PBXFileReference section */

/* Begin PBXFrameworksBuildPhase section */
		667FA9C32EBF7FD5009AB664 /* Frameworks */ = {
			isa = PBXFrameworksBuildPhase;
			buildActionMask = 2147483647;
			files = (
				CEF63AB374BD5C2C2F7F6E6E /* Pods_TheMovie.framework in Frameworks */,
			);
			runOnlyForDeploymentPostprocessing = 0;
		};
/* End PBXFrameworksBuildPhase section */

/* Begin PBXGroup section */
		667FA9BD2EBF7FD5009AB664 = {
			isa = PBXGroup;
			children = (
				667FA9E72EBF800B009AB664 /* TheMovie */,
				667FA9C72EBF7FD5009AB664 /* Products */,
				F3974B1B5E718E141D20D9AC /* Pods */,
				7FE4561F7CFB8BED5A5B2917 /* Frameworks */,
			);
			sourceTree = "<group>";
		};
		667FA9C72EBF7FD5009AB664 /* Products */ = {
			isa = PBXGroup;
			children = (
				667FA9C62EBF7FD5009AB664 /* TheMovie.app */,
			);
			name = Products;
			sourceTree = "<group>";
		};
		667FA9E72EBF800B009AB664 /* TheMovie */ = {
			isa = PBXGroup;
			children = (
				667FA9FB2EBF8083009AB664 /* Delegates */,
				667FA9FA2EBF806F009AB664 /* Controller */,
				667FA9F22EBF8034009AB664 /* View */,
				667FA9F12EBF8026009AB664 /* Components */,
				667FA9F92EBF8061009AB664 /* Storyboard */,
				667FA9F02EBF801E009AB664 /* Utilites */,
				667FA9EF2EBF8016009AB664 /* Resources */,
				667FA9E02EBF800B009AB664 /* Info.plist */,
				667FA9FC2EBF80B9009AB664 /* TheMovieApp_mock.png */,
			);
			path = TheMovie;
			sourceTree = "<group>";
		};
		667FA9EF2EBF8016009AB664 /* Resources */ = {
			isa = PBXGroup;
			children = (
				667FA9DF2EBF800B009AB664 /* Assets.xcassets */,
			);
			path = Resources;
			sourceTree = "<group>";
		};
		667FA9F02EBF801E009AB664 /* Utilites */ = {
			isa = PBXGroup;
			children = (
				667FAA2B2EBFA0FF009AB664 /* Extensions */,
			);
			path = Utilites;
			sourceTree = "<group>";
		};
		667FA9F12EBF8026009AB664 /* Components */ = {
			isa = PBXGroup;
			children = (
				667FAA052EBF8725009AB664 /* RatingControl.swift */,
			);
			path = Components;
			sourceTree = "<group>";
		};
		667FA9F22EBF8034009AB664 /* View */ = {
			isa = PBXGroup;
			children = (
				667FA9F32EBF803D009AB664 /* CollectionView */,
				667FA9F82EBF8052009AB664 /* TableView */,
			);
			path = View;
			sourceTree = "<group>";
		};
		667FA9F32EBF803D009AB664 /* CollectionView */ = {
			isa = PBXGroup;
			children = (
				667FA9F52EBF804A009AB664 /* Swift */,
				667FA9F42EBF8045009AB664 /* Xib */,
			);
			path = CollectionView;
			sourceTree = "<group>";
		};
		667FA9F42EBF8045009AB664 /* Xib */ = {
			isa = PBXGroup;
			children = (
				667FA9FE2EBF8556009AB664 /* SliderCollectionViewCell.xib */,
				667FAA022EBF8658009AB664 /* MovieCollectionViewCell.xib */,
				667FAA082EBF897A009AB664 /* GenreCollectionViewCell.xib */,
				667FAA0C2EBF8B39009AB664 /* ShowcaseCollectionViewCell.xib */,
				667FAA102EBF8E1E009AB664 /* ActorCollectionViewCell.xib */,
				667FAA332EBFD58D009AB664 /* BadgeCollectionViewCell.xib */,
				667FAA372EBFD634009AB664 /* CompanyCollectionViewCell.xib */,
			);
			path = Xib;
			sourceTree = "<group>";
		};
		667FA9F52EBF804A009AB664 /* Swift */ = {
			isa = PBXGroup;
			children = (
				667FA9FD2EBF8556009AB664 /* SliderCollectionViewCell.swift */,
				667FAA012EBF8658009AB664 /* MovieCollectionViewCell.swift */,
				667FAA072EBF897A009AB664 /* GenreCollectionViewCell.swift */,
				667FAA0B2EBF8B39009AB664 /* ShowcaseCollectionViewCell.swift */,
				667FAA0F2EBF8E1E009AB664 /* ActorCollectionViewCell.swift */,
				667FAA322EBFD58D009AB664 /* BadgeCollectionViewCell.swift */,
				667FAA362EBFD634009AB664 /* CompanyCollectionViewCell.swift */,
			);
			path = Swift;
			sourceTree = "<group>";
		};
		667FA9F62EBF8052009AB664 /* Swift */ = {
			isa = PBXGroup;
			children = (
				667FAA132EBF9497009AB664 /* SliderTableViewCell.swift */,
				667FAA172EBF9694009AB664 /* PopularTableViewCell.swift */,
				667FAA1B2EBF980D009AB664 /* ShowtimeTableViewCell.swift */,
				667FAA1F2EBF9A6C009AB664 /* MovieWithGenreTableViewCell.swift */,
				667FAA232EBF9BE0009AB664 /* ShowcaseTableViewCell.swift */,
				667FAA272EBF9DDC009AB664 /* ActorTableViewCell.swift */,
			);
			path = Swift;
			sourceTree = "<group>";
		};
		667FA9F72EBF8052009AB664 /* Xib */ = {
			isa = PBXGroup;
			children = (
				667FAA142EBF9497009AB664 /* SliderTableViewCell.xib */,
				667FAA182EBF9694009AB664 /* PopularTableViewCell.xib */,
				667FAA1C2EBF980D009AB664 /* ShowtimeTableViewCell.xib */,
				667FAA202EBF9A6C009AB664 /* MovieWithGenreTableViewCell.xib */,
				667FAA242EBF9BE0009AB664 /* ShowcaseTableViewCell.xib */,
				667FAA282EBF9DDC009AB664 /* ActorTableViewCell.xib */,
			);
			path = Xib;
			sourceTree = "<group>";
		};
		667FA9F82EBF8052009AB664 /* TableView */ = {
			isa = PBXGroup;
			children = (
				667FA9F62EBF8052009AB664 /* Swift */,
				667FA9F72EBF8052009AB664 /* Xib */,
			);
			path = TableView;
			sourceTree = "<group>";
		};
		667FA9F92EBF8061009AB664 /* Storyboard */ = {
			isa = PBXGroup;
			children = (
				667FA9E22EBF800B009AB664 /* LaunchScreen.storyboard */,
				667FA9E42EBF800B009AB664 /* Main.storyboard */,
			);
			path = Storyboard;
			sourceTree = "<group>";
		};
		667FA9FA2EBF806F009AB664 /* Controller */ = {
			isa = PBXGroup;
			children = (
				667FA9E62EBF800B009AB664 /* MainViewController.swift */,
				667FAA302EBFC0FD009AB664 /* MovieDetailViewController.swift */,
			);
			path = Controller;
			sourceTree = "<group>";
		};
		667FA9FB2EBF8083009AB664 /* Delegates */ = {
			isa = PBXGroup;
			children = (
				667FA9DE2EBF800B009AB664 /* AppDelegate.swift */,
				667FA9E52EBF800B009AB664 /* SceneDelegate.swift */,
			);
			path = Delegates;
			sourceTree = "<group>";
		};
		667FAA2B2EBFA0FF009AB664 /* Extensions */ = {
			isa = PBXGroup;
			children = (
				667FAA2C2EBFA112009AB664 /* UICollectionView+Ext.swift */,
				667FAA2E2EBFA184009AB664 /* UILabel+Ext.swift */,
			);
			path = Extensions;
			sourceTree = "<group>";
		};
		7FE4561F7CFB8BED5A5B2917 /* Frameworks */ = {
			isa = PBXGroup;
			children = (
				2BBCEA6A89FB43D3EF0728C8 /* Pods_TheMovie.framework */,
			);
			name = Frameworks;
			sourceTree = "<group>";
		};
		F3974B1B5E718E141D20D9AC /* Pods */ = {
			isa = PBXGroup;
			children = (
				1179A462E8BF117DC03F786E /* Pods-TheMovie.debug.xcconfig */,
				4F98D495AF252591BD501DD1 /* Pods-TheMovie.release.xcconfig */,
			);
			path = Pods;
			sourceTree = "<group>";
		};
/* End PBXGroup section */

/* Begin PBXNativeTarget section */
		667FA9C52EBF7FD5009AB664 /* TheMovie */ = {
			isa = PBXNativeTarget;
			buildConfigurationList = 667FA9D92EBF7FD6009AB664 /* Build configuration list for PBXNativeTarget "TheMovie" */;
			buildPhases = (
				0FBC223EE5410920E48EC6A8 /* [CP] Check Pods Manifest.lock */,
				667FA9C22EBF7FD5009AB664 /* Sources */,
				667FA9C32EBF7FD5009AB664 /* Frameworks */,
				667FA9C42EBF7FD5009AB664 /* Resources */,
			);
			buildRules = (
			);
			dependencies = (
			);
			name = TheMovie;
			productName = TheMovie;
			productReference = 667FA9C62EBF7FD5009AB664 /* TheMovie.app */;
			productType = "com.apple.product-type.application";
		};
/* End PBXNativeTarget section */

/* Begin PBXProject section */
		667FA9BE2EBF7FD5009AB664 /* Project object */ = {
			isa = PBXProject;
			attributes = {
				BuildIndependentTargetsInParallel = 1;
				LastSwiftUpdateCheck = 2610;
				LastUpgradeCheck = 2610;
				TargetAttributes = {
					667FA9C52EBF7FD5009AB664 = {
						CreatedOnToolsVersion = 26.1;
					};
				};
			};
			buildConfigurationList = 667FA9C12EBF7FD5009AB664 /* Build configuration list for PBXProject "TheMovie" */;
			developmentRegion = en;
			hasScannedForEncodings = 0;
			knownRegions = (
				en,
				Base,
			);
			mainGroup = 667FA9BD2EBF7FD5009AB664;
			minimizedProjectReferenceProxies = 1;
			preferredProjectObjectVersion = 77;
			productRefGroup = 667FA9C72EBF7FD5009AB664 /* Products */;
			projectDirPath = "";
			projectRoot = "";
			targets = (
				667FA9C52EBF7FD5009AB664 /* TheMovie */,
			);
		};
/* End PBXProject section */

/* Begin PBXResourcesBuildPhase section */
		667FA9C42EBF7FD5009AB664 /* Resources */ = {
			isa = PBXResourcesBuildPhase;
			buildActionMask = 2147483647;
			files = (
				667FAA212EBF9A6C009AB664 /* MovieWithGenreTableViewCell.xib in Resources */,
				667FAA032EBF8658009AB664 /* MovieCollectionViewCell.xib in Resources */,
				667FAA0D2EBF8B39009AB664 /* ShowcaseCollectionViewCell.xib in Resources */,
				667FA9EB2EBF800B009AB664 /* Assets.xcassets in Resources */,
				667FA9ED2EBF800B009AB664 /* LaunchScreen.storyboard in Resources */,
				667FAA1D2EBF980D009AB664 /* ShowtimeTableViewCell.xib in Resources */,
				667FAA112EBF8E1E009AB664 /* ActorCollectionViewCell.xib in Resources */,
				667FAA152EBF9497009AB664 /* SliderTableViewCell.xib in Resources */,
				667FAA342EBFD58D009AB664 /* BadgeCollectionViewCell.xib in Resources */,
				667FAA252EBF9BE0009AB664 /* ShowcaseTableViewCell.xib in Resources */,
				667FAA292EBF9DDC009AB664 /* ActorTableViewCell.xib in Resources */,
				667FA9EE2EBF800B009AB664 /* Main.storyboard in Resources */,
				667FAA382EBFD634009AB664 /* CompanyCollectionViewCell.xib in Resources */,
				667FAA092EBF897A009AB664 /* GenreCollectionViewCell.xib in Resources */,
				667FA9FF2EBF8556009AB664 /* SliderCollectionViewCell.xib in Resources */,
				667FAA192EBF9694009AB664 /* PopularTableViewCell.xib in Resources */,
			);
			runOnlyForDeploymentPostprocessing = 0;
		};
/* End PBXResourcesBuildPhase section */

/* Begin PBXShellScriptBuildPhase section */
		0FBC223EE5410920E48EC6A8 /* [CP] Check Pods Manifest.lock */ = {
			isa = PBXShellScriptBuildPhase;
			buildActionMask = 2147483647;
			files = (
			);
			inputFileListPaths = (
			);
			inputPaths = (
				"${PODS_PODFILE_DIR_PATH}/Podfile.lock",
				"${PODS_ROOT}/Manifest.lock",
			);
			name = "[CP] Check Pods Manifest.lock";
			outputFileListPaths = (
			);
			outputPaths = (
				"$(DERIVED_FILE_DIR)/Pods-TheMovie-checkManifestLockResult.txt",
			);
			runOnlyForDeploymentPostprocessing = 0;
			shellPath = /bin/sh;
			shellScript = "diff \"${PODS_PODFILE_DIR_PATH}/Podfile.lock\" \"${PODS_ROOT}/Manifest.lock\" > /dev/null\nif [ $? != 0 ] ; then\n    # print error to STDERR\n    echo \"error: The sandbox is not in sync with the Podfile.lock. Run 'pod install' or update your CocoaPods installation.\" >&2\n    exit 1\nfi\n# This output is used by Xcode 'outputs' to avoid re-running this script phase.\necho \"SUCCESS\" > \"${SCRIPT_OUTPUT_FILE_0}\"\n";
			showEnvVarsInLog = 0;
		};
/* End PBXShellScriptBuildPhase section */

/* Begin PBXSourcesBuildPhase section */
		667FA9C22EBF7FD5009AB664 /* Sources */ = {
			isa = PBXSourcesBuildPhase;
			buildActionMask = 2147483647;
			files = (
				667FAA0A2EBF897A009AB664 /* GenreCollectionViewCell.swift in Sources */,
				667FAA1E2EBF980D009AB664 /* ShowtimeTableViewCell.swift in Sources */,
				667FAA122EBF8E1E009AB664 /* ActorCollectionViewCell.swift in Sources */,
				667FAA1A2EBF9694009AB664 /* PopularTableViewCell.swift in Sources */,
				667FA9E82EBF800B009AB664 /* AppDelegate.swift in Sources */,
				667FA9E92EBF800B009AB664 /* SceneDelegate.swift in Sources */,
				667FAA2D2EBFA112009AB664 /* UICollectionView+Ext.swift in Sources */,
				667FAA162EBF9497009AB664 /* SliderTableViewCell.swift in Sources */,
				667FAA042EBF8658009AB664 /* MovieCollectionViewCell.swift in Sources */,
				667FA9EA2EBF800B009AB664 /* MainViewController.swift in Sources */,
				667FAA062EBF8725009AB664 /* RatingControl.swift in Sources */,
				667FAA352EBFD58D009AB664 /* BadgeCollectionViewCell.swift in Sources */,
				667FAA392EBFD634009AB664 /* CompanyCollectionViewCell.swift in Sources */,
				667FAA262EBF9BE0009AB664 /* ShowcaseTableViewCell.swift in Sources */,
				667FAA0E2EBF8B39009AB664 /* ShowcaseCollectionViewCell.swift in Sources */,
				667FAA2F2EBFA184009AB664 /* UILabel+Ext.swift in Sources */,
				667FAA222EBF9A6C009AB664 /* MovieWithGenreTableViewCell.swift in Sources */,
				667FAA2A2EBF9DDC009AB664 /* ActorTableViewCell.swift in Sources */,
				667FAA312EBFC0FD009AB664 /* MovieDetailViewController.swift in Sources */,
				667FAA002EBF8556009AB664 /* SliderCollectionViewCell.swift in Sources */,
			);
			runOnlyForDeploymentPostprocessing = 0;
		};
/* End PBXSourcesBuildPhase section */

/* Begin PBXVariantGroup section */
		667FA9E22EBF800B009AB664 /* LaunchScreen.storyboard */ = {
			isa = PBXVariantGroup;
			children = (
				667FA9E12EBF800B009AB664 /* Base */,
			);
			name = LaunchScreen.storyboard;
			sourceTree = "<group>";
		};
		667FA9E42EBF800B009AB664 /* Main.storyboard */ = {
			isa = PBXVariantGroup;
			children = (
				667FA9E32EBF800B009AB664 /* Base */,
			);
			name = Main.storyboard;
			sourceTree = "<group>";
		};
/* End PBXVariantGroup section */

/* Begin XCBuildConfiguration section */
		667FA9DA2EBF7FD6009AB664 /* Debug */ = {
			isa = XCBuildConfiguration;
			baseConfigurationReference = 1179A462E8BF117DC03F786E /* Pods-TheMovie.debug.xcconfig */;
			buildSettings = {
				ASSETCATALOG_COMPILER_APPICON_NAME = AppIcon;
				ASSETCATALOG_COMPILER_GLOBAL_ACCENT_COLOR_NAME = AccentColor;
				CODE_SIGN_STYLE = Automatic;
				CURRENT_PROJECT_VERSION = 1;
				DEVELOPMENT_TEAM = 782Y4VGK55;
				GENERATE_INFOPLIST_FILE = YES;
				INFOPLIST_FILE = TheMovie/Info.plist;
				INFOPLIST_KEY_CFBundleDisplayName = "The Movie";
				INFOPLIST_KEY_UIApplicationSupportsIndirectInputEvents = YES;
				INFOPLIST_KEY_UILaunchStoryboardName = LaunchScreen;
				INFOPLIST_KEY_UIMainStoryboardFile = Main;
				INFOPLIST_KEY_UISupportedInterfaceOrientations = UIInterfaceOrientationPortrait;
				INFOPLIST_KEY_UISupportedInterfaceOrientations_iPad = "UIInterfaceOrientationLandscapeLeft UIInterfaceOrientationLandscapeRight UIInterfaceOrientationPortrait UIInterfaceOrientationPortraitUpsideDown";
				IPHONEOS_DEPLOYMENT_TARGET = 15.6;
				LD_RUNPATH_SEARCH_PATHS = (
					"$(inherited)",
					"@executable_path/Frameworks",
				);
				MARKETING_VERSION = 1.0;
				PRODUCT_BUNDLE_IDENTIFIER = com.kirito.TheMovie;
				PRODUCT_NAME = "$(TARGET_NAME)";
				STRING_CATALOG_GENERATE_SYMBOLS = YES;
				SWIFT_APPROACHABLE_CONCURRENCY = YES;
				SWIFT_DEFAULT_ACTOR_ISOLATION = MainActor;
				SWIFT_EMIT_LOC_STRINGS = YES;
				SWIFT_UPCOMING_FEATURE_MEMBER_IMPORT_VISIBILITY = YES;
				SWIFT_VERSION = 5.0;
				TARGETED_DEVICE_FAMILY = 1;
			};
			name = Debug;
		};
		667FA9DB2EBF7FD6009AB664 /* Release */ = {
			isa = XCBuildConfiguration;
			baseConfigurationReference = 4F98D495AF252591BD501DD1 /* Pods-TheMovie.release.xcconfig */;
			buildSettings = {
				ASSETCATALOG_COMPILER_APPICON_NAME = AppIcon;
				ASSETCATALOG_COMPILER_GLOBAL_ACCENT_COLOR_NAME = AccentColor;
				CODE_SIGN_STYLE = Automatic;
				CURRENT_PROJECT_VERSION = 1;
				DEVELOPMENT_TEAM = 782Y4VGK55;
				GENERATE_INFOPLIST_FILE = YES;
				INFOPLIST_FILE = TheMovie/Info.plist;
				INFOPLIST_KEY_CFBundleDisplayName = "The Movie";
				INFOPLIST_KEY_UIApplicationSupportsIndirectInputEvents = YES;
				INFOPLIST_KEY_UILaunchStoryboardName = LaunchScreen;
				INFOPLIST_KEY_UIMainStoryboardFile = Main;
				INFOPLIST_KEY_UISupportedInterfaceOrientations = UIInterfaceOrientationPortrait;
				INFOPLIST_KEY_UISupportedInterfaceOrientations_iPad = "UIInterfaceOrientationLandscapeLeft UIInterfaceOrientationLandscapeRight UIInterfaceOrientationPortrait UIInterfaceOrientationPortraitUpsideDown";
				IPHONEOS_DEPLOYMENT_TARGET = 15.6;
				LD_RUNPATH_SEARCH_PATHS = (
					"$(inherited)",
					"@executable_path/Frameworks",
				);
				MARKETING_VERSION = 1.0;
				PRODUCT_BUNDLE_IDENTIFIER = com.kirito.TheMovie;
				PRODUCT_NAME = "$(TARGET_NAME)";
				STRING_CATALOG_GENERATE_SYMBOLS = YES;
				SWIFT_APPROACHABLE_CONCURRENCY = YES;
				SWIFT_DEFAULT_ACTOR_ISOLATION = MainActor;
				SWIFT_EMIT_LOC_STRINGS = YES;
				SWIFT_UPCOMING_FEATURE_MEMBER_IMPORT_VISIBILITY = YES;
				SWIFT_VERSION = 5.0;
				TARGETED_DEVICE_FAMILY = 1;
			};
			name = Release;
		};
		667FA9DC2EBF7FD6009AB664 /* Debug */ = {
			isa = XCBuildConfiguration;
			buildSettings = {
				ALWAYS_SEARCH_USER_PATHS = NO;
				ASSETCATALOG_COMPILER_GENERATE_SWIFT_ASSET_SYMBOL_EXTENSIONS = YES;
				CLANG_ANALYZER_NONNULL = YES;
				CLANG_ANALYZER_NUMBER_OBJECT_CONVERSION = YES_AGGRESSIVE;
				CLANG_CXX_LANGUAGE_STANDARD = "gnu++20";
				CLANG_ENABLE_MODULES = YES;
				CLANG_ENABLE_OBJC_ARC = YES;
				CLANG_ENABLE_OBJC_WEAK = YES;
				CLANG_WARN_BLOCK_CAPTURE_AUTORELEASING = YES;
				CLANG_WARN_BOOL_CONVERSION = YES;
				CLANG_WARN_COMMA = YES;
				CLANG_WARN_CONSTANT_CONVERSION = YES;
				CLANG_WARN_DEPRECATED_OBJC_IMPLEMENTATIONS = YES;
				CLANG_WARN_DIRECT_OBJC_ISA_USAGE = YES_ERROR;
				CLANG_WARN_DOCUMENTATION_COMMENTS = YES;
				CLANG_WARN_EMPTY_BODY = YES;
				CLANG_WARN_ENUM_CONVERSION = YES;
				CLANG_WARN_INFINITE_RECURSION = YES;
				CLANG_WARN_INT_CONVERSION = YES;
				CLANG_WARN_NON_LITERAL_NULL_CONVERSION = YES;
				CLANG_WARN_OBJC_IMPLICIT_RETAIN_SELF = YES;
				CLANG_WARN_OBJC_LITERAL_CONVERSION = YES;
				CLANG_WARN_OBJC_ROOT_CLASS = YES_ERROR;
				CLANG_WARN_QUOTED_INCLUDE_IN_FRAMEWORK_HEADER = YES;
				CLANG_WARN_RANGE_LOOP_ANALYSIS = YES;
				CLANG_WARN_STRICT_PROTOTYPES = YES;
				CLANG_WARN_SUSPICIOUS_MOVE = YES;
				CLANG_WARN_UNGUARDED_AVAILABILITY = YES_AGGRESSIVE;
				CLANG_WARN_UNREACHABLE_CODE = YES;
				CLANG_WARN__DUPLICATE_METHOD_MATCH = YES;
				COPY_PHASE_STRIP = NO;
				DEBUG_INFORMATION_FORMAT = dwarf;
				DEVELOPMENT_TEAM = 782Y4VGK55;
				ENABLE_STRICT_OBJC_MSGSEND = YES;
				ENABLE_TESTABILITY = YES;
				ENABLE_USER_SCRIPT_SANDBOXING = YES;
				GCC_C_LANGUAGE_STANDARD = gnu17;
				GCC_DYNAMIC_NO_PIC = NO;
				GCC_NO_COMMON_BLOCKS = YES;
				GCC_OPTIMIZATION_LEVEL = 0;
				GCC_PREPROCESSOR_DEFINITIONS = (
					"DEBUG=1",
					"$(inherited)",
				);
				GCC_WARN_64_TO_32_BIT_CONVERSION = YES;
				GCC_WARN_ABOUT_RETURN_TYPE = YES_ERROR;
				GCC_WARN_UNDECLARED_SELECTOR = YES;
				GCC_WARN_UNINITIALIZED_AUTOS = YES_AGGRESSIVE;
				GCC_WARN_UNUSED_FUNCTION = YES;
				GCC_WARN_UNUSED_VARIABLE = YES;
				IPHONEOS_DEPLOYMENT_TARGET = 15.6;
				LOCALIZATION_PREFERS_STRING_CATALOGS = YES;
				MTL_ENABLE_DEBUG_INFO = INCLUDE_SOURCE;
				MTL_FAST_MATH = YES;
				ONLY_ACTIVE_ARCH = YES;
				SDKROOT = iphoneos;
				STRING_CATALOG_GENERATE_SYMBOLS = YES;
				SWIFT_ACTIVE_COMPILATION_CONDITIONS = "DEBUG $(inherited)";
				SWIFT_OPTIMIZATION_LEVEL = "-Onone";
			};
			name = Debug;
		};
		667FA9DD2EBF7FD6009AB664 /* Release */ = {
			isa = XCBuildConfiguration;
			buildSettings = {
				ALWAYS_SEARCH_USER_PATHS = NO;
				ASSETCATALOG_COMPILER_GENERATE_SWIFT_ASSET_SYMBOL_EXTENSIONS = YES;
				CLANG_ANALYZER_NONNULL = YES;
				CLANG_ANALYZER_NUMBER_OBJECT_CONVERSION = YES_AGGRESSIVE;
				CLANG_CXX_LANGUAGE_STANDARD = "gnu++20";
				CLANG_ENABLE_MODULES = YES;
				CLANG_ENABLE_OBJC_ARC = YES;
				CLANG_ENABLE_OBJC_WEAK = YES;
				CLANG_WARN_BLOCK_CAPTURE_AUTORELEASING = YES;
				CLANG_WARN_BOOL_CONVERSION = YES;
				CLANG_WARN_COMMA = YES;
				CLANG_WARN_CONSTANT_CONVERSION = YES;
				CLANG_WARN_DEPRECATED_OBJC_IMPLEMENTATIONS = YES;
				CLANG_WARN_DIRECT_OBJC_ISA_USAGE = YES_ERROR;
				CLANG_WARN_DOCUMENTATION_COMMENTS = YES;
				CLANG_WARN_EMPTY_BODY = YES;
				CLANG_WARN_ENUM_CONVERSION = YES;
				CLANG_WARN_INFINITE_RECURSION = YES;
				CLANG_WARN_INT_CONVERSION = YES;
				CLANG_WARN_NON_LITERAL_NULL_CONVERSION = YES;
				CLANG_WARN_OBJC_IMPLICIT_RETAIN_SELF = YES;
				CLANG_WARN_OBJC_LITERAL_CONVERSION = YES;
				CLANG_WARN_OBJC_ROOT_CLASS = YES_ERROR;
				CLANG_WARN_QUOTED_INCLUDE_IN_FRAMEWORK_HEADER = YES;
				CLANG_WARN_RANGE_LOOP_ANALYSIS = YES;
				CLANG_WARN_STRICT_PROTOTYPES = YES;
				CLANG_WARN_SUSPICIOUS_MOVE = YES;
				CLANG_WARN_UNGUARDED_AVAILABILITY = YES_AGGRESSIVE;
				CLANG_WARN_UNREACHABLE_CODE = YES;
				CLANG_WARN__DUPLICATE_METHOD_MATCH = YES;
				COPY_PHASE_STRIP = NO;
				DEBUG_INFORMATION_FORMAT = "dwarf-with-dsym";
				DEVELOPMENT_TEAM = 782Y4VGK55;
				ENABLE_NS_ASSERTIONS = NO;
				ENABLE_STRICT_OBJC_MSGSEND = YES;
				ENABLE_USER_SCRIPT_SANDBOXING = YES;
				GCC_C_LANGUAGE_STANDARD = gnu17;
				GCC_NO_COMMON_BLOCKS = YES;
				GCC_WARN_64_TO_32_BIT_CONVERSION = YES;
				GCC_WARN_ABOUT_RETURN_TYPE = YES_ERROR;
				GCC_WARN_UNDECLARED_SELECTOR = YES;
				GCC_WARN_UNINITIALIZED_AUTOS = YES_AGGRESSIVE;
				GCC_WARN_UNUSED_FUNCTION = YES;
				GCC_WARN_UNUSED_VARIABLE = YES;
				IPHONEOS_DEPLOYMENT_TARGET = 15.6;
				LOCALIZATION_PREFERS_STRING_CATALOGS = YES;
				MTL_ENABLE_DEBUG_INFO = NO;
				MTL_FAST_MATH = YES;
				SDKROOT = iphoneos;
				STRING_CATALOG_GENERATE_SYMBOLS = YES;
				SWIFT_COMPILATION_MODE = wholemodule;
				VALIDATE_PRODUCT = YES;
			};
			name = Release;
		};
/* End XCBuildConfiguration section */

/* Begin XCConfigurationList section */
		667FA9C12EBF7FD5009AB664 /* Build configuration list for PBXProject "TheMovie" */ = {
			isa = XCConfigurationList;
			buildConfigurations = (
				667FA9DC2EBF7FD6009AB664 /* Debug */,
				667FA9DD2EBF7FD6009AB664 /* Release */,
			);
			defaultConfigurationIsVisible = 0;
			defaultConfigurationName = Release;
		};
		667FA9D92EBF7FD6009AB664 /* Build configuration list for PBXNativeTarget "TheMovie" */ = {
			isa = XCConfigurationList;
			buildConfigurations = (
				667FA9DA2EBF7FD6009AB664 /* Debug */,
				667FA9DB2EBF7FD6009AB664 /* Release */,
			);
			defaultConfigurationIsVisible = 0;
			defaultConfigurationName = Release;
		};
/* End XCConfigurationList section */
	};
	rootObject = 667FA9BE2EBF7FD5009AB664 /* Project object */;
}
